
Microsoft Visual Studio Solution File, Format Version 12.00
# Visual Studio Version 17
VisualStudioVersion = 17.12.35707.178
MinimumVisualStudioVersion = 10.0.40219.1
Project("{F184B08F-C81C-45F6-A57F-5ABD9991F28F}") = "ADMCC.Entity", "ADMCC.Entiry\ADMCC.Entity.vbproj", "{173782F4-6752-47DB-A047-2D2D25EE253C}"
EndProject
Project("{F184B08F-C81C-45F6-A57F-5ABD9991F28F}") = "ADMCC.Repository", "ADMCC.Repository\ADMCC.Repository.vbproj", "{8878E4E2-7EB0-406F-BC76-64B497A33D2E}"
EndProject
Project("{F184B08F-C81C-45F6-A57F-5ABD9991F28F}") = "ADMCC.ViewController", "ADMCC.ViewController\ADMCC.ViewController.vbproj", "{7E7728B3-E111-432F-9420-E33A2A638319}"
EndProject
Project("{F184B08F-C81C-45F6-A57F-5ABD9991F28F}") = "ADMCC.Data.Base", "ADMCC.Data.Base\ADMCC.Data.Base.vbproj", "{619BF71D-A9E7-4A1B-9F7A-6748C59D72DD}"
EndProject
Global
	GlobalSection(SolutionConfigurationPlatforms) = preSolution
		Debug|Any CPU = Debug|Any CPU
		Debug|x86 = Debug|x86
		Release|Any CPU = Release|Any CPU
		Release|x86 = Release|x86
	EndGlobalSection
	GlobalSection(ProjectConfigurationPlatforms) = postSolution
		{173782F4-6752-47DB-A047-2D2D25EE253C}.Debug|Any CPU.ActiveCfg = Debug|Any CPU
		{173782F4-6752-47DB-A047-2D2D25EE253C}.Debug|Any CPU.Build.0 = Debug|Any CPU
		{173782F4-6752-47DB-A047-2D2D25EE253C}.Debug|x86.ActiveCfg = Debug|Any CPU
		{173782F4-6752-47DB-A047-2D2D25EE253C}.Debug|x86.Build.0 = Debug|Any CPU
		{173782F4-6752-47DB-A047-2D2D25EE253C}.Release|Any CPU.ActiveCfg = Release|Any CPU
		{173782F4-6752-47DB-A047-2D2D25EE253C}.Release|Any CPU.Build.0 = Release|Any CPU
		{173782F4-6752-47DB-A047-2D2D25EE253C}.Release|x86.ActiveCfg = Release|Any CPU
		{173782F4-6752-47DB-A047-2D2D25EE253C}.Release|x86.Build.0 = Release|Any CPU
		{8878E4E2-7EB0-406F-BC76-64B497A33D2E}.Debug|Any CPU.ActiveCfg = Debug|Any CPU
		{8878E4E2-7EB0-406F-BC76-64B497A33D2E}.Debug|Any CPU.Build.0 = Debug|Any CPU
		{8878E4E2-7EB0-406F-BC76-64B497A33D2E}.Debug|x86.ActiveCfg = Debug|Any CPU
		{8878E4E2-7EB0-406F-BC76-64B497A33D2E}.Debug|x86.Build.0 = Debug|Any CPU
		{8878E4E2-7EB0-406F-BC76-64B497A33D2E}.Release|Any CPU.ActiveCfg = Release|Any CPU
		{8878E4E2-7EB0-406F-BC76-64B497A33D2E}.Release|Any CPU.Build.0 = Release|Any CPU
		{8878E4E2-7EB0-406F-BC76-64B497A33D2E}.Release|x86.ActiveCfg = Release|Any CPU
		{8878E4E2-7EB0-406F-BC76-64B497A33D2E}.Release|x86.Build.0 = Release|Any CPU
		{7E7728B3-E111-432F-9420-E33A2A638319}.Debug|Any CPU.ActiveCfg = Debug|Any CPU
		{7E7728B3-E111-432F-9420-E33A2A638319}.Debug|Any CPU.Build.0 = Debug|Any CPU
		{7E7728B3-E111-432F-9420-E33A2A638319}.Debug|x86.ActiveCfg = Debug|Any CPU
		{7E7728B3-E111-432F-9420-E33A2A638319}.Debug|x86.Build.0 = Debug|Any CPU
		{7E7728B3-E111-432F-9420-E33A2A638319}.Release|Any CPU.ActiveCfg = Release|Any CPU
		{7E7728B3-E111-432F-9420-E33A2A638319}.Release|Any CPU.Build.0 = Release|Any CPU
		{7E7728B3-E111-432F-9420-E33A2A638319}.Release|x86.ActiveCfg = Release|Any CPU
		{7E7728B3-E111-432F-9420-E33A2A638319}.Release|x86.Build.0 = Release|Any CPU
		{619BF71D-A9E7-4A1B-9F7A-6748C59D72DD}.Debug|Any CPU.ActiveCfg = Debug|Any CPU
		{619BF71D-A9E7-4A1B-9F7A-6748C59D72DD}.Debug|Any CPU.Build.0 = Debug|Any CPU
		{619BF71D-A9E7-4A1B-9F7A-6748C59D72DD}.Debug|x86.ActiveCfg = Debug|Any CPU
		{619BF71D-A9E7-4A1B-9F7A-6748C59D72DD}.Debug|x86.Build.0 = Debug|Any CPU
		{619BF71D-A9E7-4A1B-9F7A-6748C59D72DD}.Release|Any CPU.ActiveCfg = Release|Any CPU
		{619BF71D-A9E7-4A1B-9F7A-6748C59D72DD}.Release|Any CPU.Build.0 = Release|Any CPU
		{619BF71D-A9E7-4A1B-9F7A-6748C59D72DD}.Release|x86.ActiveCfg = Release|Any CPU
		{619BF71D-A9E7-4A1B-9F7A-6748C59D72DD}.Release|x86.Build.0 = Release|Any CPU
	EndGlobalSection
	GlobalSection(SolutionProperties) = preSolution
		HideSolutionNode = FALSE
	EndGlobalSection
EndGlobal
